
Microsoft Visual Studio Solution File, Format Version 10.00
# Visual Studio 2008
Project("{8BC9CEB8-8B4A-11D0-8D11-00A0C91BC942}") = "wheel", "wheel\wheel.vcproj", "{406D1C57-E553-4115-A0C9-47DBC881D71B}"
EndProject
Global
	GlobalSection(SolutionConfigurationPlatforms) = preSolution
		Debug|Win32 = Debug|Win32
		Release|Win32 = Release|Win32
	EndGlobalSection
	GlobalSection(ProjectConfigurationPlatforms) = postSolution
		{406D1C57-E553-4115-A0C9-47DBC881D71B}.Debug|Win32.ActiveCfg = Release|Win32
		{406D1C57-E553-4115-A0C9-47DBC881D71B}.Debug|Win32.Build.0 = Release|Win32
		{406D1C57-E553-4115-A0C9-47DBC881D71B}.Release|Win32.ActiveCfg = Release|Win32
		{406D1C57-E553-4115-A0C9-47DBC881D71B}.Release|Win32.Build.0 = Release|Win32
	EndGlobalSection
	GlobalSection(SolutionProperties) = preSolution
		HideSolutionNode = FALSE
	EndGlobalSection
EndGlobal
